
Microsoft Visual Studio Solution File, Format Version 12.00
# Visual Studio 14
VisualStudioVersion = 14.0.25420.1
MinimumVisualStudioVersion = 10.0.40219.1
Project("{FAE04EC0-301F-11D3-BF4B-00C04F79EFBC}") = "Parking.PLC", "Parking2017-PLC\Parking.PLC.csproj", "{54DBAEA1-29AA-4B9D-9189-0F3CD14FB97E}"
EndProject
Project("{FAE04EC0-301F-11D3-BF4B-00C04F79EFBC}") = "Parking.Auxi", "Parking.Auxi\Parking.Auxi.csproj", "{72725BA8-8FE9-40DC-9243-57154BF2D2BF}"
EndProject
Global
	GlobalSection(SolutionConfigurationPlatforms) = preSolution
		Debug|Any CPU = Debug|Any CPU
		Release|Any CPU = Release|Any CPU
	EndGlobalSection
	GlobalSection(ProjectConfigurationPlatforms) = postSolution
		{54DBAEA1-29AA-4B9D-9189-0F3CD14FB97E}.Debug|Any CPU.ActiveCfg = Debug|Any CPU
		{54DBAEA1-29AA-4B9D-9189-0F3CD14FB97E}.Debug|Any CPU.Build.0 = Debug|Any CPU
		{54DBAEA1-29AA-4B9D-9189-0F3CD14FB97E}.Release|Any CPU.ActiveCfg = Release|Any CPU
		{54DBAEA1-29AA-4B9D-9189-0F3CD14FB97E}.Release|Any CPU.Build.0 = Release|Any CPU
		{72725BA8-8FE9-40DC-9243-57154BF2D2BF}.Debug|Any CPU.ActiveCfg = Debug|Any CPU
		{72725BA8-8FE9-40DC-9243-57154BF2D2BF}.Debug|Any CPU.Build.0 = Debug|Any CPU
		{72725BA8-8FE9-40DC-9243-57154BF2D2BF}.Release|Any CPU.ActiveCfg = Release|Any CPU
		{72725BA8-8FE9-40DC-9243-57154BF2D2BF}.Release|Any CPU.Build.0 = Release|Any CPU
	EndGlobalSection
	GlobalSection(SolutionProperties) = preSolution
		HideSolutionNode = FALSE
	EndGlobalSection
EndGlobal
